// !$*UTF8*$!
{
	archiveVersion = 1;
	classes = {
	};
	objectVersion = 50;
	objects = {

/* Begin PBXBuildFile section */
		18137B6E21ABC8AA0069CB55 /* LUInteractiveTransition.m in Sources */ = {isa = PBXBuildFile; fileRef = 18137B6D21ABC8AA0069CB55 /* LUInteractiveTransition.m */; };
		18137B7121ABD8E60069CB55 /* LUTranstionAnimator.m in Sources */ = {isa = PBXBuildFile; fileRef = 18137B7021ABD8E60069CB55 /* LUTranstionAnimator.m */; };
		18137B7421ABE3E10069CB55 /* CircleSpreadAnimator.m in Sources */ = {isa = PBXBuildFile; fileRef = 18137B7321ABE3E10069CB55 /* CircleSpreadAnimator.m */; };
		18137B9121B0DC450069CB55 /* JLRoutes.m in Sources */ = {isa = PBXBuildFile; fileRef = 18137B8521B0DC440069CB55 /* JLRoutes.m */; };
		18137B9221B0DC450069CB55 /* JLRRouteRequest.m in Sources */ = {isa = PBXBuildFile; fileRef = 18137B8621B0DC440069CB55 /* JLRRouteRequest.m */; };
		18137B9321B0DC450069CB55 /* JLRRouteDefinition.m in Sources */ = {isa = PBXBuildFile; fileRef = 18137B8721B0DC440069CB55 /* JLRRouteDefinition.m */; };
		18137B9421B0DC450069CB55 /* JLRParsingUtilities.m in Sources */ = {isa = PBXBuildFile; fileRef = 18137B8921B0DC440069CB55 /* JLRParsingUtilities.m */; };
		18137B9521B0DC450069CB55 /* JLRRouteResponse.m in Sources */ = {isa = PBXBuildFile; fileRef = 18137B8A21B0DC440069CB55 /* JLRRouteResponse.m */; };
		18137B9621B0DC450069CB55 /* JLRRouteHandler.m in Sources */ = {isa = PBXBuildFile; fileRef = 18137B8D21B0DC450069CB55 /* JLRRouteHandler.m */; };
		183BD70421B132E30019419B /* HomeDetailViewController.m in Sources */ = {isa = PBXBuildFile; fileRef = 183BD70321B132E30019419B /* HomeDetailViewController.m */; };
		18515EB6217E985A0096F82E /* LUSeverDelegate.m in Sources */ = {isa = PBXBuildFile; fileRef = 18515EB5217E985A0096F82E /* LUSeverDelegate.m */; };
		18515EB9217E9A2B0096F82E /* LUSeviceManager.m in Sources */ = {isa = PBXBuildFile; fileRef = 18515EB8217E9A2B0096F82E /* LUSeviceManager.m */; };
		18515EBC21813C7E0096F82E /* RootUIService.m in Sources */ = {isa = PBXBuildFile; fileRef = 18515EBB21813C7E0096F82E /* RootUIService.m */; };
		18515EBF218142DA0096F82E /* LUAppDelegate.m in Sources */ = {isa = PBXBuildFile; fileRef = 18515EBE218142DA0096F82E /* LUAppDelegate.m */; };
		18915AC0219AACBD0096452F /* MVPNavigationController.m in Sources */ = {isa = PBXBuildFile; fileRef = 18915ABF219AACBD0096452F /* MVPNavigationController.m */; };
		18915AC4219BC93C0096452F /* Utilities.m in Sources */ = {isa = PBXBuildFile; fileRef = 18915AC3219BC93C0096452F /* Utilities.m */; };
		18915AC8219E51170096452F /* UIColor+categary.m in Sources */ = {isa = PBXBuildFile; fileRef = 18915AC7219E51160096452F /* UIColor+categary.m */; };
		18A66059219967E0006296FD /* BaseViewController.m in Sources */ = {isa = PBXBuildFile; fileRef = 18A66058219967E0006296FD /* BaseViewController.m */; };
		18A6605C21996808006296FD /* CenterViewController.m in Sources */ = {isa = PBXBuildFile; fileRef = 18A6605B21996808006296FD /* CenterViewController.m */; };
		18A6605F21996822006296FD /* CommunityViewController.m in Sources */ = {isa = PBXBuildFile; fileRef = 18A6605E21996822006296FD /* CommunityViewController.m */; };
		18A6606221996839006296FD /* HomeViewController.m in Sources */ = {isa = PBXBuildFile; fileRef = 18A6606121996839006296FD /* HomeViewController.m */; };
		18CACD2E21782962003C8131 /* ViewController.m in Sources */ = {isa = PBXBuildFile; fileRef = 18CACD2D21782962003C8131 /* ViewController.m */; };
		18CACD3121782962003C8131 /* Main.storyboard in Resources */ = {isa = PBXBuildFile; fileRef = 18CACD2F21782962003C8131 /* Main.storyboard */; };
		18CACD3421782962003C8131 /* Lu_MVP.xcdatamodeld in Sources */ = {isa = PBXBuildFile; fileRef = 18CACD3221782962003C8131 /* Lu_MVP.xcdatamodeld */; };
		18CACD362178296C003C8131 /* Assets.xcassets in Resources */ = {isa = PBXBuildFile; fileRef = 18CACD352178296C003C8131 /* Assets.xcassets */; };
		18CACD392178296C003C8131 /* LaunchScreen.storyboard in Resources */ = {isa = PBXBuildFile; fileRef = 18CACD372178296C003C8131 /* LaunchScreen.storyboard */; };
		18CACD3C2178296C003C8131 /* main.m in Sources */ = {isa = PBXBuildFile; fileRef = 18CACD3B2178296C003C8131 /* main.m */; };
		18CACD462178296C003C8131 /* Lu_MVPTests.m in Sources */ = {isa = PBXBuildFile; fileRef = 18CACD452178296C003C8131 /* Lu_MVPTests.m */; };
		18CACD512178296C003C8131 /* Lu_MVPUITests.m in Sources */ = {isa = PBXBuildFile; fileRef = 18CACD502178296C003C8131 /* Lu_MVPUITests.m */; };
		18CACD6121787289003C8131 /* MVPTabBarController.m in Sources */ = {isa = PBXBuildFile; fileRef = 18CACD6021787289003C8131 /* MVPTabBarController.m */; };
		DBBB09038317C4C3F032F72C /* Pods_Lu_MVP.framework in Frameworks */ = {isa = PBXBuildFile; fileRef = 89D39C6189169E6169D1AADF /* Pods_Lu_MVP.framework */; };
/* End PBXBuildFile section */

/* Begin PBXContainerItemProxy section */
		18CACD422178296C003C8131 /* PBXContainerItemProxy */ = {
			isa = PBXContainerItemProxy;
			containerPortal = 18CACD1E21782962003C8131 /* Project object */;
			proxyType = 1;
			remoteGlobalIDString = 18CACD2521782962003C8131;
			remoteInfo = Lu_MVP;
		};
		18CACD4D2178296C003C8131 /* PBXContainerItemProxy */ = {
			isa = PBXContainerItemProxy;
			containerPortal = 18CACD1E21782962003C8131 /* Project object */;
			proxyType = 1;
			remoteGlobalIDString = 18CACD2521782962003C8131;
			remoteInfo = Lu_MVP;
		};
/* End PBXContainerItemProxy section */

/* Begin PBXFileReference section */
		1045230E703B553E526EB9AD /* Pods-Lu_MVP.debug.xcconfig */ = {isa = PBXFileReference; includeInIndex = 1; lastKnownFileType = text.xcconfig; name = "Pods-Lu_MVP.debug.xcconfig"; path = "Target Support Files/Pods-Lu_MVP/Pods-Lu_MVP.debug.xcconfig"; sourceTree = "<group>"; };
		18137B6C21ABC8AA0069CB55 /* LUInteractiveTransition.h */ = {isa = PBXFileReference; lastKnownFileType = sourcecode.c.h; path = LUInteractiveTransition.h; sourceTree = "<group>"; };
		18137B6D21ABC8AA0069CB55 /* LUInteractiveTransition.m */ = {isa = PBXFileReference; lastKnownFileType = sourcecode.c.objc; path = LUInteractiveTransition.m; sourceTree = "<group>"; };
		18137B6F21ABD8E60069CB55 /* LUTranstionAnimator.h */ = {isa = PBXFileReference; lastKnownFileType = sourcecode.c.h; path = LUTranstionAnimator.h; sourceTree = "<group>"; };
		18137B7021ABD8E60069CB55 /* LUTranstionAnimator.m */ = {isa = PBXFileReference; lastKnownFileType = sourcecode.c.objc; path = LUTranstionAnimator.m; sourceTree = "<group>"; };
		18137B7221ABE3E10069CB55 /* CircleSpreadAnimator.h */ = {isa = PBXFileReference; lastKnownFileType = sourcecode.c.h; path = CircleSpreadAnimator.h; sourceTree = "<group>"; };
		18137B7321ABE3E10069CB55 /* CircleSpreadAnimator.m */ = {isa = PBXFileReference; lastKnownFileType = sourcecode.c.objc; path = CircleSpreadAnimator.m; sourceTree = "<group>"; };
		18137B8521B0DC440069CB55 /* JLRoutes.m */ = {isa = PBXFileReference; fileEncoding = 4; lastKnownFileType = sourcecode.c.objc; path = JLRoutes.m; sourceTree = "<group>"; };
		18137B8621B0DC440069CB55 /* JLRRouteRequest.m */ = {isa = PBXFileReference; fileEncoding = 4; lastKnownFileType = sourcecode.c.objc; path = JLRRouteRequest.m; sourceTree = "<group>"; };
		18137B8721B0DC440069CB55 /* JLRRouteDefinition.m */ = {isa = PBXFileReference; fileEncoding = 4; lastKnownFileType = sourcecode.c.objc; path = JLRRouteDefinition.m; sourceTree = "<group>"; };
		18137B8821B0DC440069CB55 /* JLRParsingUtilities.h */ = {isa = PBXFileReference; fileEncoding = 4; lastKnownFileType = sourcecode.c.h; path = JLRParsingUtilities.h; sourceTree = "<group>"; };
		18137B8921B0DC440069CB55 /* JLRParsingUtilities.m */ = {isa = PBXFileReference; fileEncoding = 4; lastKnownFileType = sourcecode.c.objc; path = JLRParsingUtilities.m; sourceTree = "<group>"; };
		18137B8A21B0DC440069CB55 /* JLRRouteResponse.m */ = {isa = PBXFileReference; fileEncoding = 4; lastKnownFileType = sourcecode.c.objc; path = JLRRouteResponse.m; sourceTree = "<group>"; };
		18137B8B21B0DC440069CB55 /* JLRRouteHandler.h */ = {isa = PBXFileReference; fileEncoding = 4; lastKnownFileType = sourcecode.c.h; path = JLRRouteHandler.h; sourceTree = "<group>"; };
		18137B8C21B0DC450069CB55 /* JLRoutes.h */ = {isa = PBXFileReference; fileEncoding = 4; lastKnownFileType = sourcecode.c.h; path = JLRoutes.h; sourceTree = "<group>"; };
		18137B8D21B0DC450069CB55 /* JLRRouteHandler.m */ = {isa = PBXFileReference; fileEncoding = 4; lastKnownFileType = sourcecode.c.objc; path = JLRRouteHandler.m; sourceTree = "<group>"; };
		18137B8E21B0DC450069CB55 /* JLRRouteRequest.h */ = {isa = PBXFileReference; fileEncoding = 4; lastKnownFileType = sourcecode.c.h; path = JLRRouteRequest.h; sourceTree = "<group>"; };
		18137B8F21B0DC450069CB55 /* JLRRouteDefinition.h */ = {isa = PBXFileReference; fileEncoding = 4; lastKnownFileType = sourcecode.c.h; path = JLRRouteDefinition.h; sourceTree = "<group>"; };
		18137B9021B0DC450069CB55 /* JLRRouteResponse.h */ = {isa = PBXFileReference; fileEncoding = 4; lastKnownFileType = sourcecode.c.h; path = JLRRouteResponse.h; sourceTree = "<group>"; };
		183BD70221B132E30019419B /* HomeDetailViewController.h */ = {isa = PBXFileReference; lastKnownFileType = sourcecode.c.h; path = HomeDetailViewController.h; sourceTree = "<group>"; };
		183BD70321B132E30019419B /* HomeDetailViewController.m */ = {isa = PBXFileReference; lastKnownFileType = sourcecode.c.objc; path = HomeDetailViewController.m; sourceTree = "<group>"; };
		18515EB4217E985A0096F82E /* LUSeverDelegate.h */ = {isa = PBXFileReference; lastKnownFileType = sourcecode.c.h; path = LUSeverDelegate.h; sourceTree = "<group>"; };
		18515EB5217E985A0096F82E /* LUSeverDelegate.m */ = {isa = PBXFileReference; lastKnownFileType = sourcecode.c.objc; path = LUSeverDelegate.m; sourceTree = "<group>"; };
		18515EB7217E9A2B0096F82E /* LUSeviceManager.h */ = {isa = PBXFileReference; lastKnownFileType = sourcecode.c.h; path = LUSeviceManager.h; sourceTree = "<group>"; };
		18515EB8217E9A2B0096F82E /* LUSeviceManager.m */ = {isa = PBXFileReference; lastKnownFileType = sourcecode.c.objc; path = LUSeviceManager.m; sourceTree = "<group>"; };
		18515EBA21813C7E0096F82E /* RootUIService.h */ = {isa = PBXFileReference; lastKnownFileType = sourcecode.c.h; path = RootUIService.h; sourceTree = "<group>"; };
		18515EBB21813C7E0096F82E /* RootUIService.m */ = {isa = PBXFileReference; lastKnownFileType = sourcecode.c.objc; path = RootUIService.m; sourceTree = "<group>"; };
		18515EBD218142DA0096F82E /* LUAppDelegate.h */ = {isa = PBXFileReference; lastKnownFileType = sourcecode.c.h; path = LUAppDelegate.h; sourceTree = "<group>"; };
		18515EBE218142DA0096F82E /* LUAppDelegate.m */ = {isa = PBXFileReference; lastKnownFileType = sourcecode.c.objc; path = LUAppDelegate.m; sourceTree = "<group>"; };
		18915ABE219AACBD0096452F /* MVPNavigationController.h */ = {isa = PBXFileReference; lastKnownFileType = sourcecode.c.h; path = MVPNavigationController.h; sourceTree = "<group>"; };
		18915ABF219AACBD0096452F /* MVPNavigationController.m */ = {isa = PBXFileReference; lastKnownFileType = sourcecode.c.objc; path = MVPNavigationController.m; sourceTree = "<group>"; };
		18915AC2219BC93C0096452F /* Utilities.h */ = {isa = PBXFileReference; lastKnownFileType = sourcecode.c.h; path = Utilities.h; sourceTree = "<group>"; };
		18915AC3219BC93C0096452F /* Utilities.m */ = {isa = PBXFileReference; lastKnownFileType = sourcecode.c.objc; path = Utilities.m; sourceTree = "<group>"; };
		18915AC6219E51160096452F /* UIColor+categary.h */ = {isa = PBXFileReference; lastKnownFileType = sourcecode.c.h; path = "UIColor+categary.h"; sourceTree = "<group>"; };
		18915AC7219E51160096452F /* UIColor+categary.m */ = {isa = PBXFileReference; lastKnownFileType = sourcecode.c.objc; path = "UIColor+categary.m"; sourceTree = "<group>"; };
		18A66057219967E0006296FD /* BaseViewController.h */ = {isa = PBXFileReference; lastKnownFileType = sourcecode.c.h; path = BaseViewController.h; sourceTree = "<group>"; };
		18A66058219967E0006296FD /* BaseViewController.m */ = {isa = PBXFileReference; lastKnownFileType = sourcecode.c.objc; path = BaseViewController.m; sourceTree = "<group>"; };
		18A6605A21996808006296FD /* CenterViewController.h */ = {isa = PBXFileReference; lastKnownFileType = sourcecode.c.h; path = CenterViewController.h; sourceTree = "<group>"; };
		18A6605B21996808006296FD /* CenterViewController.m */ = {isa = PBXFileReference; lastKnownFileType = sourcecode.c.objc; path = CenterViewController.m; sourceTree = "<group>"; };
		18A6605D21996822006296FD /* CommunityViewController.h */ = {isa = PBXFileReference; lastKnownFileType = sourcecode.c.h; path = CommunityViewController.h; sourceTree = "<group>"; };
		18A6605E21996822006296FD /* CommunityViewController.m */ = {isa = PBXFileReference; lastKnownFileType = sourcecode.c.objc; path = CommunityViewController.m; sourceTree = "<group>"; };
		18A6606021996839006296FD /* HomeViewController.h */ = {isa = PBXFileReference; lastKnownFileType = sourcecode.c.h; path = HomeViewController.h; sourceTree = "<group>"; };
		18A6606121996839006296FD /* HomeViewController.m */ = {isa = PBXFileReference; lastKnownFileType = sourcecode.c.objc; path = HomeViewController.m; sourceTree = "<group>"; };
		18CACD2621782962003C8131 /* Lu_MVP.app */ = {isa = PBXFileReference; explicitFileType = wrapper.application; includeInIndex = 0; path = Lu_MVP.app; sourceTree = BUILT_PRODUCTS_DIR; };
		18CACD2C21782962003C8131 /* ViewController.h */ = {isa = PBXFileReference; lastKnownFileType = sourcecode.c.h; path = ViewController.h; sourceTree = "<group>"; };
		18CACD2D21782962003C8131 /* ViewController.m */ = {isa = PBXFileReference; lastKnownFileType = sourcecode.c.objc; path = ViewController.m; sourceTree = "<group>"; };
		18CACD3021782962003C8131 /* Base */ = {isa = PBXFileReference; lastKnownFileType = file.storyboard; name = Base; path = Base.lproj/Main.storyboard; sourceTree = "<group>"; };
		18CACD3321782962003C8131 /* Lu_MVP.xcdatamodel */ = {isa = PBXFileReference; lastKnownFileType = wrapper.xcdatamodel; path = Lu_MVP.xcdatamodel; sourceTree = "<group>"; };
		18CACD352178296C003C8131 /* Assets.xcassets */ = {isa = PBXFileReference; lastKnownFileType = folder.assetcatalog; path = Assets.xcassets; sourceTree = "<group>"; };
		18CACD382178296C003C8131 /* Base */ = {isa = PBXFileReference; lastKnownFileType = file.storyboard; name = Base; path = Base.lproj/LaunchScreen.storyboard; sourceTree = "<group>"; };
		18CACD3A2178296C003C8131 /* Info.plist */ = {isa = PBXFileReference; lastKnownFileType = text.plist.xml; path = Info.plist; sourceTree = "<group>"; };
		18CACD3B2178296C003C8131 /* main.m */ = {isa = PBXFileReference; lastKnownFileType = sourcecode.c.objc; path = main.m; sourceTree = "<group>"; };
		18CACD412178296C003C8131 /* Lu_MVPTests.xctest */ = {isa = PBXFileReference; explicitFileType = wrapper.cfbundle; includeInIndex = 0; path = Lu_MVPTests.xctest; sourceTree = BUILT_PRODUCTS_DIR; };
		18CACD452178296C003C8131 /* Lu_MVPTests.m */ = {isa = PBXFileReference; lastKnownFileType = sourcecode.c.objc; path = Lu_MVPTests.m; sourceTree = "<group>"; };
		18CACD472178296C003C8131 /* Info.plist */ = {isa = PBXFileReference; lastKnownFileType = text.plist.xml; path = Info.plist; sourceTree = "<group>"; };
		18CACD4C2178296C003C8131 /* Lu_MVPUITests.xctest */ = {isa = PBXFileReference; explicitFileType = wrapper.cfbundle; includeInIndex = 0; path = Lu_MVPUITests.xctest; sourceTree = BUILT_PRODUCTS_DIR; };
		18CACD502178296C003C8131 /* Lu_MVPUITests.m */ = {isa = PBXFileReference; lastKnownFileType = sourcecode.c.objc; path = Lu_MVPUITests.m; sourceTree = "<group>"; };
		18CACD522178296C003C8131 /* Info.plist */ = {isa = PBXFileReference; lastKnownFileType = text.plist.xml; path = Info.plist; sourceTree = "<group>"; };
		18CACD5F21787289003C8131 /* MVPTabBarController.h */ = {isa = PBXFileReference; lastKnownFileType = sourcecode.c.h; path = MVPTabBarController.h; sourceTree = "<group>"; };
		18CACD6021787289003C8131 /* MVPTabBarController.m */ = {isa = PBXFileReference; lastKnownFileType = sourcecode.c.objc; path = MVPTabBarController.m; sourceTree = "<group>"; };
		89D39C6189169E6169D1AADF /* Pods_Lu_MVP.framework */ = {isa = PBXFileReference; explicitFileType = wrapper.framework; includeInIndex = 0; path = Pods_Lu_MVP.framework; sourceTree = BUILT_PRODUCTS_DIR; };
		A2D864A012635653925AAE65 /* Pods-Lu_MVP.release.xcconfig */ = {isa = PBXFileReference; includeInIndex = 1; lastKnownFileType = text.xcconfig; name = "Pods-Lu_MVP.release.xcconfig"; path = "Target Support Files/Pods-Lu_MVP/Pods-Lu_MVP.release.xcconfig"; sourceTree = "<group>"; };
/* End PBXFileReference section */

/* Begin PBXFrameworksBuildPhase section */
		18CACD2321782962003C8131 /* Frameworks */ = {
			isa = PBXFrameworksBuildPhase;
			buildActionMask = 2147483647;
			files = (
				DBBB09038317C4C3F032F72C /* Pods_Lu_MVP.framework in Frameworks */,
			);
			runOnlyForDeploymentPostprocessing = 0;
		};
		18CACD3E2178296C003C8131 /* Frameworks */ = {
			isa = PBXFrameworksBuildPhase;
			buildActionMask = 2147483647;
			files = (
			);
			runOnlyForDeploymentPostprocessing = 0;
		};
		18CACD492178296C003C8131 /* Frameworks */ = {
			isa = PBXFrameworksBuildPhase;
			buildActionMask = 2147483647;
			files = (
			);
			runOnlyForDeploymentPostprocessing = 0;
		};
/* End PBXFrameworksBuildPhase section */

/* Begin PBXGroup section */
		18046AEE21927D91003EF4F8 /* Section */ = {
			isa = PBXGroup;
			children = (
				18046AF921927EEF003EF4F8 /* Center */,
				18046AF421927E6C003EF4F8 /* Community */,
				18046AEF21927DD0003EF4F8 /* Home */,
			);
			path = Section;
			sourceTree = "<group>";
		};
		18046AEF21927DD0003EF4F8 /* Home */ = {
			isa = PBXGroup;
			children = (
				18046AF321927E63003EF4F8 /* View */,
				18046AF221927E3E003EF4F8 /* Presenter */,
				18046AF121927E0D003EF4F8 /* Controller */,
				18046AF021927DD9003EF4F8 /* Model */,
			);
			path = Home;
			sourceTree = "<group>";
		};
		18046AF021927DD9003EF4F8 /* Model */ = {
			isa = PBXGroup;
			children = (
			);
			path = Model;
			sourceTree = "<group>";
		};
		18046AF121927E0D003EF4F8 /* Controller */ = {
			isa = PBXGroup;
			children = (
				18A6606021996839006296FD /* HomeViewController.h */,
				18A6606121996839006296FD /* HomeViewController.m */,
				183BD70221B132E30019419B /* HomeDetailViewController.h */,
				183BD70321B132E30019419B /* HomeDetailViewController.m */,
			);
			path = Controller;
			sourceTree = "<group>";
		};
		18046AF221927E3E003EF4F8 /* Presenter */ = {
			isa = PBXGroup;
			children = (
			);
			path = Presenter;
			sourceTree = "<group>";
		};
		18046AF321927E63003EF4F8 /* View */ = {
			isa = PBXGroup;
			children = (
			);
			path = View;
			sourceTree = "<group>";
		};
		18046AF421927E6C003EF4F8 /* Community */ = {
			isa = PBXGroup;
			children = (
				18046AF821927EE2003EF4F8 /* Presenter */,
				18046AF721927ED8003EF4F8 /* Model */,
				18046AF621927EC9003EF4F8 /* Controller */,
				18046AF521927EC2003EF4F8 /* View */,
			);
			path = Community;
			sourceTree = "<group>";
		};
		18046AF521927EC2003EF4F8 /* View */ = {
			isa = PBXGroup;
			children = (
			);
			path = View;
			sourceTree = "<group>";
		};
		18046AF621927EC9003EF4F8 /* Controller */ = {
			isa = PBXGroup;
			children = (
				18A6605D21996822006296FD /* CommunityViewController.h */,
				18A6605E21996822006296FD /* CommunityViewController.m */,
			);
			path = Controller;
			sourceTree = "<group>";
		};
		18046AF721927ED8003EF4F8 /* Model */ = {
			isa = PBXGroup;
			children = (
			);
			path = Model;
			sourceTree = "<group>";
		};
		18046AF821927EE2003EF4F8 /* Presenter */ = {
			isa = PBXGroup;
			children = (
			);
			path = Presenter;
			sourceTree = "<group>";
		};
		18046AF921927EEF003EF4F8 /* Center */ = {
			isa = PBXGroup;
			children = (
				18046AFD21927F1F003EF4F8 /* Presenter */,
				18046AFC21927F12003EF4F8 /* Model */,
				18046AFB21927F05003EF4F8 /* Controller */,
				18046AFA21927EFB003EF4F8 /* View */,
			);
			path = Center;
			sourceTree = "<group>";
		};
		18046AFA21927EFB003EF4F8 /* View */ = {
			isa = PBXGroup;
			children = (
			);
			path = View;
			sourceTree = "<group>";
		};
		18046AFB21927F05003EF4F8 /* Controller */ = {
			isa = PBXGroup;
			children = (
				18A6605A21996808006296FD /* CenterViewController.h */,
				18A6605B21996808006296FD /* CenterViewController.m */,
			);
			path = Controller;
			sourceTree = "<group>";
		};
		18046AFC21927F12003EF4F8 /* Model */ = {
			isa = PBXGroup;
			children = (
			);
			path = Model;
			sourceTree = "<group>";
		};
		18046AFD21927F1F003EF4F8 /* Presenter */ = {
			isa = PBXGroup;
			children = (
			);
			path = Presenter;
			sourceTree = "<group>";
		};
		18137B6B21ABC7060069CB55 /* Transition */ = {
			isa = PBXGroup;
			children = (
				18137B6C21ABC8AA0069CB55 /* LUInteractiveTransition.h */,
				18137B6D21ABC8AA0069CB55 /* LUInteractiveTransition.m */,
				18137B6F21ABD8E60069CB55 /* LUTranstionAnimator.h */,
				18137B7021ABD8E60069CB55 /* LUTranstionAnimator.m */,
				18137B7221ABE3E10069CB55 /* CircleSpreadAnimator.h */,
				18137B7321ABE3E10069CB55 /* CircleSpreadAnimator.m */,
			);
			path = Transition;
			sourceTree = "<group>";
		};
		18137B8421B0DBA40069CB55 /* Unities */ = {
			isa = PBXGroup;
			children = (
				18137B8C21B0DC450069CB55 /* JLRoutes.h */,
				18137B8521B0DC440069CB55 /* JLRoutes.m */,
				18137B8821B0DC440069CB55 /* JLRParsingUtilities.h */,
				18137B8921B0DC440069CB55 /* JLRParsingUtilities.m */,
				18137B8F21B0DC450069CB55 /* JLRRouteDefinition.h */,
				18137B8721B0DC440069CB55 /* JLRRouteDefinition.m */,
				18137B8B21B0DC440069CB55 /* JLRRouteHandler.h */,
				18137B8D21B0DC450069CB55 /* JLRRouteHandler.m */,
				18137B8E21B0DC450069CB55 /* JLRRouteRequest.h */,
				18137B8621B0DC440069CB55 /* JLRRouteRequest.m */,
				18137B9021B0DC450069CB55 /* JLRRouteResponse.h */,
				18137B8A21B0DC440069CB55 /* JLRRouteResponse.m */,
			);
			path = Unities;
			sourceTree = "<group>";
		};
		18515EB3217E96CA0096F82E /* Severs */ = {
			isa = PBXGroup;
			children = (
				18515EB4217E985A0096F82E /* LUSeverDelegate.h */,
				18515EB5217E985A0096F82E /* LUSeverDelegate.m */,
				18515EB7217E9A2B0096F82E /* LUSeviceManager.h */,
				18515EB8217E9A2B0096F82E /* LUSeviceManager.m */,
				18515EBA21813C7E0096F82E /* RootUIService.h */,
				18515EBB21813C7E0096F82E /* RootUIService.m */,
				18515EBD218142DA0096F82E /* LUAppDelegate.h */,
				18515EBE218142DA0096F82E /* LUAppDelegate.m */,
			);
			path = Severs;
			sourceTree = "<group>";
		};
		18915AC1219BC9040096452F /* Tools */ = {
			isa = PBXGroup;
			children = (
				18915ACA219E72210096452F /* Lu_Transition */,
				18915AC5219E50B70096452F /* Categarys */,
				18915AC2219BC93C0096452F /* Utilities.h */,
				18915AC3219BC93C0096452F /* Utilities.m */,
			);
			path = Tools;
			sourceTree = "<group>";
		};
		18915AC5219E50B70096452F /* Categarys */ = {
			isa = PBXGroup;
			children = (
				18915AC6219E51160096452F /* UIColor+categary.h */,
				18915AC7219E51160096452F /* UIColor+categary.m */,
			);
			path = Categarys;
			sourceTree = "<group>";
		};
		18915ACA219E72210096452F /* Lu_Transition */ = {
			isa = PBXGroup;
			children = (
			);
			path = Lu_Transition;
			sourceTree = "<group>";
		};
		18CACD1D21782962003C8131 = {
			isa = PBXGroup;
			children = (
				18CACD2821782962003C8131 /* Lu_MVP */,
				18CACD442178296C003C8131 /* Lu_MVPTests */,
				18CACD4F2178296C003C8131 /* Lu_MVPUITests */,
				18CACD2721782962003C8131 /* Products */,
				CC1EF523D70AB4B177062D6F /* Pods */,
				C5CEC0EA5A6DA1117860649A /* Frameworks */,
			);
			sourceTree = "<group>";
		};
		18CACD2721782962003C8131 /* Products */ = {
			isa = PBXGroup;
			children = (
				18CACD2621782962003C8131 /* Lu_MVP.app */,
				18CACD412178296C003C8131 /* Lu_MVPTests.xctest */,
				18CACD4C2178296C003C8131 /* Lu_MVPUITests.xctest */,
			);
			name = Products;
			sourceTree = "<group>";
		};
		18CACD2821782962003C8131 /* Lu_MVP */ = {
			isa = PBXGroup;
			children = (
				18137B8421B0DBA40069CB55 /* Unities */,
				18137B6B21ABC7060069CB55 /* Transition */,
				18915AC1219BC9040096452F /* Tools */,
				18046AEE21927D91003EF4F8 /* Section */,
				18515EB3217E96CA0096F82E /* Severs */,
				18CACD5E21787230003C8131 /* Base */,
				18CACD2C21782962003C8131 /* ViewController.h */,
				18CACD2D21782962003C8131 /* ViewController.m */,
				18CACD2F21782962003C8131 /* Main.storyboard */,
				18CACD352178296C003C8131 /* Assets.xcassets */,
				18CACD372178296C003C8131 /* LaunchScreen.storyboard */,
				18CACD3A2178296C003C8131 /* Info.plist */,
				18CACD3B2178296C003C8131 /* main.m */,
				18CACD3221782962003C8131 /* Lu_MVP.xcdatamodeld */,
			);
			path = Lu_MVP;
			sourceTree = "<group>";
		};
		18CACD442178296C003C8131 /* Lu_MVPTests */ = {
			isa = PBXGroup;
			children = (
				18CACD452178296C003C8131 /* Lu_MVPTests.m */,
				18CACD472178296C003C8131 /* Info.plist */,
			);
			path = Lu_MVPTests;
			sourceTree = "<group>";
		};
		18CACD4F2178296C003C8131 /* Lu_MVPUITests */ = {
			isa = PBXGroup;
			children = (
				18CACD502178296C003C8131 /* Lu_MVPUITests.m */,
				18CACD522178296C003C8131 /* Info.plist */,
			);
			path = Lu_MVPUITests;
			sourceTree = "<group>";
		};
		18CACD5E21787230003C8131 /* Base */ = {
			isa = PBXGroup;
			children = (
				18CACD5F21787289003C8131 /* MVPTabBarController.h */,
				18CACD6021787289003C8131 /* MVPTabBarController.m */,
				18A66057219967E0006296FD /* BaseViewController.h */,
				18A66058219967E0006296FD /* BaseViewController.m */,
				18915ABE219AACBD0096452F /* MVPNavigationController.h */,
				18915ABF219AACBD0096452F /* MVPNavigationController.m */,
			);
			path = Base;
			sourceTree = "<group>";
		};
		C5CEC0EA5A6DA1117860649A /* Frameworks */ = {
			isa = PBXGroup;
			children = (
				89D39C6189169E6169D1AADF /* Pods_Lu_MVP.framework */,
			);
			name = Frameworks;
			sourceTree = "<group>";
		};
		CC1EF523D70AB4B177062D6F /* Pods */ = {
			isa = PBXGroup;
			children = (
				1045230E703B553E526EB9AD /* Pods-Lu_MVP.debug.xcconfig */,
				A2D864A012635653925AAE65 /* Pods-Lu_MVP.release.xcconfig */,
			);
			path = Pods;
			sourceTree = "<group>";
		};
/* End PBXGroup section */

/* Begin PBXNativeTarget section */
		18CACD2521782962003C8131 /* Lu_MVP */ = {
			isa = PBXNativeTarget;
			buildConfigurationList = 18CACD552178296C003C8131 /* Build configuration list for PBXNativeTarget "Lu_MVP" */;
			buildPhases = (
				4A582751DAE942BBE3E8A6ED /* [CP] Check Pods Manifest.lock */,
				18CACD2221782962003C8131 /* Sources */,
				18CACD2321782962003C8131 /* Frameworks */,
				18CACD2421782962003C8131 /* Resources */,
				93BBBD8C01557475757F46C1 /* [CP] Embed Pods Frameworks */,
			);
			buildRules = (
			);
			dependencies = (
			);
			name = Lu_MVP;
			productName = Lu_MVP;
			productReference = 18CACD2621782962003C8131 /* Lu_MVP.app */;
			productType = "com.apple.product-type.application";
		};
		18CACD402178296C003C8131 /* Lu_MVPTests */ = {
			isa = PBXNativeTarget;
			buildConfigurationList = 18CACD582178296C003C8131 /* Build configuration list for PBXNativeTarget "Lu_MVPTests" */;
			buildPhases = (
				18CACD3D2178296C003C8131 /* Sources */,
				18CACD3E2178296C003C8131 /* Frameworks */,
				18CACD3F2178296C003C8131 /* Resources */,
			);
			buildRules = (
			);
			dependencies = (
				18CACD432178296C003C8131 /* PBXTargetDependency */,
			);
			name = Lu_MVPTests;
			productName = Lu_MVPTests;
			productReference = 18CACD412178296C003C8131 /* Lu_MVPTests.xctest */;
			productType = "com.apple.product-type.bundle.unit-test";
		};
		18CACD4B2178296C003C8131 /* Lu_MVPUITests */ = {
			isa = PBXNativeTarget;
			buildConfigurationList = 18CACD5B2178296C003C8131 /* Build configuration list for PBXNativeTarget "Lu_MVPUITests" */;
			buildPhases = (
				18CACD482178296C003C8131 /* Sources */,
				18CACD492178296C003C8131 /* Frameworks */,
				18CACD4A2178296C003C8131 /* Resources */,
			);
			buildRules = (
			);
			dependencies = (
				18CACD4E2178296C003C8131 /* PBXTargetDependency */,
			);
			name = Lu_MVPUITests;
			productName = Lu_MVPUITests;
			productReference = 18CACD4C2178296C003C8131 /* Lu_MVPUITests.xctest */;
			productType = "com.apple.product-type.bundle.ui-testing";
		};
/* End PBXNativeTarget section */

/* Begin PBXProject section */
		18CACD1E21782962003C8131 /* Project object */ = {
			isa = PBXProject;
			attributes = {
				LastUpgradeCheck = 1000;
				ORGANIZATIONNAME = apple;
				TargetAttributes = {
					18CACD2521782962003C8131 = {
						CreatedOnToolsVersion = 10.0;
					};
					18CACD402178296C003C8131 = {
						CreatedOnToolsVersion = 10.0;
						TestTargetID = 18CACD2521782962003C8131;
					};
					18CACD4B2178296C003C8131 = {
						CreatedOnToolsVersion = 10.0;
						TestTargetID = 18CACD2521782962003C8131;
					};
				};
			};
			buildConfigurationList = 18CACD2121782962003C8131 /* Build configuration list for PBXProject "Lu_MVP" */;
			compatibilityVersion = "Xcode 9.3";
			developmentRegion = en;
			hasScannedForEncodings = 0;
			knownRegions = (
				en,
				Base,
			);
			mainGroup = 18CACD1D21782962003C8131;
			productRefGroup = 18CACD2721782962003C8131 /* Products */;
			projectDirPath = "";
			projectRoot = "";
			targets = (
				18CACD2521782962003C8131 /* Lu_MVP */,
				18CACD402178296C003C8131 /* Lu_MVPTests */,
				18CACD4B2178296C003C8131 /* Lu_MVPUITests */,
			);
		};
/* End PBXProject section */

/* Begin PBXResourcesBuildPhase section */
		18CACD2421782962003C8131 /* Resources */ = {
			isa = PBXResourcesBuildPhase;
			buildActionMask = 2147483647;
			files = (
				18CACD392178296C003C8131 /* LaunchScreen.storyboard in Resources */,
				18CACD362178296C003C8131 /* Assets.xcassets in Resources */,
				18CACD3121782962003C8131 /* Main.storyboard in Resources */,
			);
			runOnlyForDeploymentPostprocessing = 0;
		};
		18CACD3F2178296C003C8131 /* Resources */ = {
			isa = PBXResourcesBuildPhase;
			buildActionMask = 2147483647;
			files = (
			);
			runOnlyForDeploymentPostprocessing = 0;
		};
		18CACD4A2178296C003C8131 /* Resources */ = {
			isa = PBXResourcesBuildPhase;
			buildActionMask = 2147483647;
			files = (
			);
			runOnlyForDeploymentPostprocessing = 0;
		};
/* End PBXResourcesBuildPhase section */

/* Begin PBXShellScriptBuildPhase section */
		4A582751DAE942BBE3E8A6ED /* [CP] Check Pods Manifest.lock */ = {
			isa = PBXShellScriptBuildPhase;
			buildActionMask = 2147483647;
			files = (
			);
			inputFileListPaths = (
			);
			inputPaths = (
				"${PODS_PODFILE_DIR_PATH}/Podfile.lock",
				"${PODS_ROOT}/Manifest.lock",
			);
			name = "[CP] Check Pods Manifest.lock";
			outputFileListPaths = (
			);
			outputPaths = (
				"$(DERIVED_FILE_DIR)/Pods-Lu_MVP-checkManifestLockResult.txt",
			);
			runOnlyForDeploymentPostprocessing = 0;
			shellPath = /bin/sh;
			shellScript = "diff \"${PODS_PODFILE_DIR_PATH}/Podfile.lock\" \"${PODS_ROOT}/Manifest.lock\" > /dev/null\nif [ $? != 0 ] ; then\n    # print error to STDERR\n    echo \"error: The sandbox is not in sync with the Podfile.lock. Run 'pod install' or update your CocoaPods installation.\" >&2\n    exit 1\nfi\n# This output is used by Xcode 'outputs' to avoid re-running this script phase.\necho \"SUCCESS\" > \"${SCRIPT_OUTPUT_FILE_0}\"\n";
			showEnvVarsInLog = 0;
		};
		93BBBD8C01557475757F46C1 /* [CP] Embed Pods Frameworks */ = {
			isa = PBXShellScriptBuildPhase;
			buildActionMask = 2147483647;
			files = (
			);
			inputFileListPaths = (
			);
			inputPaths = (
				"${PODS_ROOT}/Target Support Files/Pods-Lu_MVP/Pods-Lu_MVP-frameworks.sh",
				"${BUILT_PRODUCTS_DIR}/AFNetworking/AFNetworking.framework",
				"${BUILT_PRODUCTS_DIR}/YTKNetwork/YTKNetwork.framework",
				"${BUILT_PRODUCTS_DIR}/pop/pop.framework",
			);
			name = "[CP] Embed Pods Frameworks";
			outputFileListPaths = (
			);
			outputPaths = (
				"${TARGET_BUILD_DIR}/${FRAMEWORKS_FOLDER_PATH}/AFNetworking.framework",
				"${TARGET_BUILD_DIR}/${FRAMEWORKS_FOLDER_PATH}/YTKNetwork.framework",
				"${TARGET_BUILD_DIR}/${FRAMEWORKS_FOLDER_PATH}/pop.framework",
			);
			runOnlyForDeploymentPostprocessing = 0;
			shellPath = /bin/sh;
			shellScript = "\"${PODS_ROOT}/Target Support Files/Pods-Lu_MVP/Pods-Lu_MVP-frameworks.sh\"\n";
			showEnvVarsInLog = 0;
		};
/* End PBXShellScriptBuildPhase section */

/* Begin PBXSourcesBuildPhase section */
		18CACD2221782962003C8131 /* Sources */ = {
			isa = PBXSourcesBuildPhase;
			buildActionMask = 2147483647;
			files = (
				18915AC8219E51170096452F /* UIColor+categary.m in Sources */,
				18CACD3421782962003C8131 /* Lu_MVP.xcdatamodeld in Sources */,
				18A66059219967E0006296FD /* BaseViewController.m in Sources */,
				183BD70421B132E30019419B /* HomeDetailViewController.m in Sources */,
				18915AC0219AACBD0096452F /* MVPNavigationController.m in Sources */,
				18137B9421B0DC450069CB55 /* JLRParsingUtilities.m in Sources */,
				18137B9521B0DC450069CB55 /* JLRRouteResponse.m in Sources */,
				18CACD2E21782962003C8131 /* ViewController.m in Sources */,
				18137B9321B0DC450069CB55 /* JLRRouteDefinition.m in Sources */,
				18137B7421ABE3E10069CB55 /* CircleSpreadAnimator.m in Sources */,
				18A6605F21996822006296FD /* CommunityViewController.m in Sources */,
				18137B9121B0DC450069CB55 /* JLRoutes.m in Sources */,
				18CACD6121787289003C8131 /* MVPTabBarController.m in Sources */,
				18515EBC21813C7E0096F82E /* RootUIService.m in Sources */,
				18137B7121ABD8E60069CB55 /* LUTranstionAnimator.m in Sources */,
				18515EB9217E9A2B0096F82E /* LUSeviceManager.m in Sources */,
				18515EB6217E985A0096F82E /* LUSeverDelegate.m in Sources */,
				18CACD3C2178296C003C8131 /* main.m in Sources */,
				18137B9621B0DC450069CB55 /* JLRRouteHandler.m in Sources */,
				18515EBF218142DA0096F82E /* LUAppDelegate.m in Sources */,
				18A6605C21996808006296FD /* CenterViewController.m in Sources */,
				18137B9221B0DC450069CB55 /* JLRRouteRequest.m in Sources */,
				18915AC4219BC93C0096452F /* Utilities.m in Sources */,
				18137B6E21ABC8AA0069CB55 /* LUInteractiveTransition.m in Sources */,
				18A6606221996839006296FD /* HomeViewController.m in Sources */,
			);
			runOnlyForDeploymentPostprocessing = 0;
		};
		18CACD3D2178296C003C8131 /* Sources */ = {
			isa = PBXSourcesBuildPhase;
			buildActionMask = 2147483647;
			files = (
				18CACD462178296C003C8131 /* Lu_MVPTests.m in Sources */,
			);
			runOnlyForDeploymentPostprocessing = 0;
		};
		18CACD482178296C003C8131 /* Sources */ = {
			isa = PBXSourcesBuildPhase;
			buildActionMask = 2147483647;
			files = (
				18CACD512178296C003C8131 /* Lu_MVPUITests.m in Sources */,
			);
			runOnlyForDeploymentPostprocessing = 0;
		};
/* End PBXSourcesBuildPhase section */

/* Begin PBXTargetDependency section */
		18CACD432178296C003C8131 /* PBXTargetDependency */ = {
			isa = PBXTargetDependency;
			target = 18CACD2521782962003C8131 /* Lu_MVP */;
			targetProxy = 18CACD422178296C003C8131 /* PBXContainerItemProxy */;
		};
		18CACD4E2178296C003C8131 /* PBXTargetDependency */ = {
			isa = PBXTargetDependency;
			target = 18CACD2521782962003C8131 /* Lu_MVP */;
			targetProxy = 18CACD4D2178296C003C8131 /* PBXContainerItemProxy */;
		};
/* End PBXTargetDependency section */

/* Begin PBXVariantGroup section */
		18CACD2F21782962003C8131 /* Main.storyboard */ = {
			isa = PBXVariantGroup;
			children = (
				18CACD3021782962003C8131 /* Base */,
			);
			name = Main.storyboard;
			sourceTree = "<group>";
		};
		18CACD372178296C003C8131 /* LaunchScreen.storyboard */ = {
			isa = PBXVariantGroup;
			children = (
				18CACD382178296C003C8131 /* Base */,
			);
			name = LaunchScreen.storyboard;
			sourceTree = "<group>";
		};
/* End PBXVariantGroup section */

/* Begin XCBuildConfiguration section */
		18CACD532178296C003C8131 /* Debug */ = {
			isa = XCBuildConfiguration;
			buildSettings = {
				ALWAYS_SEARCH_USER_PATHS = NO;
				CLANG_ANALYZER_NONNULL = YES;
				CLANG_ANALYZER_NUMBER_OBJECT_CONVERSION = YES_AGGRESSIVE;
				CLANG_CXX_LANGUAGE_STANDARD = "gnu++14";
				CLANG_CXX_LIBRARY = "libc++";
				CLANG_ENABLE_MODULES = YES;
				CLANG_ENABLE_OBJC_ARC = YES;
				CLANG_ENABLE_OBJC_WEAK = YES;
				CLANG_WARN_BLOCK_CAPTURE_AUTORELEASING = YES;
				CLANG_WARN_BOOL_CONVERSION = YES;
				CLANG_WARN_COMMA = YES;
				CLANG_WARN_CONSTANT_CONVERSION = YES;
				CLANG_WARN_DEPRECATED_OBJC_IMPLEMENTATIONS = YES;
				CLANG_WARN_DIRECT_OBJC_ISA_USAGE = YES_ERROR;
				CLANG_WARN_DOCUMENTATION_COMMENTS = YES;
				CLANG_WARN_EMPTY_BODY = YES;
				CLANG_WARN_ENUM_CONVERSION = YES;
				CLANG_WARN_INFINITE_RECURSION = YES;
				CLANG_WARN_INT_CONVERSION = YES;
				CLANG_WARN_NON_LITERAL_NULL_CONVERSION = YES;
				CLANG_WARN_OBJC_IMPLICIT_RETAIN_SELF = YES;
				CLANG_WARN_OBJC_LITERAL_CONVERSION = YES;
				CLANG_WARN_OBJC_ROOT_CLASS = YES_ERROR;
				CLANG_WARN_RANGE_LOOP_ANALYSIS = YES;
				CLANG_WARN_STRICT_PROTOTYPES = YES;
				CLANG_WARN_SUSPICIOUS_MOVE = YES;
				CLANG_WARN_UNGUARDED_AVAILABILITY = YES_AGGRESSIVE;
				CLANG_WARN_UNREACHABLE_CODE = YES;
				CLANG_WARN__DUPLICATE_METHOD_MATCH = YES;
				CODE_SIGN_IDENTITY = "iPhone Developer";
				COPY_PHASE_STRIP = NO;
				DEBUG_INFORMATION_FORMAT = dwarf;
				ENABLE_STRICT_OBJC_MSGSEND = YES;
				ENABLE_TESTABILITY = YES;
				GCC_C_LANGUAGE_STANDARD = gnu11;
				GCC_DYNAMIC_NO_PIC = NO;
				GCC_NO_COMMON_BLOCKS = YES;
				GCC_OPTIMIZATION_LEVEL = 0;
				GCC_PREPROCESSOR_DEFINITIONS = (
					"DEBUG=1",
					"$(inherited)",
				);
				GCC_WARN_64_TO_32_BIT_CONVERSION = YES;
				GCC_WARN_ABOUT_RETURN_TYPE = YES_ERROR;
				GCC_WARN_UNDECLARED_SELECTOR = YES;
				GCC_WARN_UNINITIALIZED_AUTOS = YES_AGGRESSIVE;
				GCC_WARN_UNUSED_FUNCTION = YES;
				GCC_WARN_UNUSED_VARIABLE = YES;
				IPHONEOS_DEPLOYMENT_TARGET = 9.0;
				MTL_ENABLE_DEBUG_INFO = INCLUDE_SOURCE;
				MTL_FAST_MATH = YES;
				ONLY_ACTIVE_ARCH = YES;
				SDKROOT = iphoneos;
			};
			name = Debug;
		};
		18CACD542178296C003C8131 /* Release */ = {
			isa = XCBuildConfiguration;
			buildSettings = {
				ALWAYS_SEARCH_USER_PATHS = NO;
				CLANG_ANALYZER_NONNULL = YES;
				CLANG_ANALYZER_NUMBER_OBJECT_CONVERSION = YES_AGGRESSIVE;
				CLANG_CXX_LANGUAGE_STANDARD = "gnu++14";
				CLANG_CXX_LIBRARY = "libc++";
				CLANG_ENABLE_MODULES = YES;
				CLANG_ENABLE_OBJC_ARC = YES;
				CLANG_ENABLE_OBJC_WEAK = YES;
				CLANG_WARN_BLOCK_CAPTURE_AUTORELEASING = YES;
				CLANG_WARN_BOOL_CONVERSION = YES;
				CLANG_WARN_COMMA = YES;
				CLANG_WARN_CONSTANT_CONVERSION = YES;
				CLANG_WARN_DEPRECATED_OBJC_IMPLEMENTATIONS = YES;
				CLANG_WARN_DIRECT_OBJC_ISA_USAGE = YES_ERROR;
				CLANG_WARN_DOCUMENTATION_COMMENTS = YES;
				CLANG_WARN_EMPTY_BODY = YES;
				CLANG_WARN_ENUM_CONVERSION = YES;
				CLANG_WARN_INFINITE_RECURSION = YES;
				CLANG_WARN_INT_CONVERSION = YES;
				CLANG_WARN_NON_LITERAL_NULL_CONVERSION = YES;
				CLANG_WARN_OBJC_IMPLICIT_RETAIN_SELF = YES;
				CLANG_WARN_OBJC_LITERAL_CONVERSION = YES;
				CLANG_WARN_OBJC_ROOT_CLASS = YES_ERROR;
				CLANG_WARN_RANGE_LOOP_ANALYSIS = YES;
				CLANG_WARN_STRICT_PROTOTYPES = YES;
				CLANG_WARN_SUSPICIOUS_MOVE = YES;
				CLANG_WARN_UNGUARDED_AVAILABILITY = YES_AGGRESSIVE;
				CLANG_WARN_UNREACHABLE_CODE = YES;
				CLANG_WARN__DUPLICATE_METHOD_MATCH = YES;
				CODE_SIGN_IDENTITY = "iPhone Developer";
				COPY_PHASE_STRIP = NO;
				DEBUG_INFORMATION_FORMAT = "dwarf-with-dsym";
				ENABLE_NS_ASSERTIONS = NO;
				ENABLE_STRICT_OBJC_MSGSEND = YES;
				GCC_C_LANGUAGE_STANDARD = gnu11;
				GCC_NO_COMMON_BLOCKS = YES;
				GCC_WARN_64_TO_32_BIT_CONVERSION = YES;
				GCC_WARN_ABOUT_RETURN_TYPE = YES_ERROR;
				GCC_WARN_UNDECLARED_SELECTOR = YES;
				GCC_WARN_UNINITIALIZED_AUTOS = YES_AGGRESSIVE;
				GCC_WARN_UNUSED_FUNCTION = YES;
				GCC_WARN_UNUSED_VARIABLE = YES;
				IPHONEOS_DEPLOYMENT_TARGET = 9.0;
				MTL_ENABLE_DEBUG_INFO = NO;
				MTL_FAST_MATH = YES;
				SDKROOT = iphoneos;
				VALIDATE_PRODUCT = YES;
			};
			name = Release;
		};
		18CACD562178296C003C8131 /* Debug */ = {
			isa = XCBuildConfiguration;
			baseConfigurationReference = 1045230E703B553E526EB9AD /* Pods-Lu_MVP.debug.xcconfig */;
			buildSettings = {
				ASSETCATALOG_COMPILER_APPICON_NAME = AppIcon;
				CODE_SIGN_STYLE = Automatic;
				DEVELOPMENT_TEAM = S86CUP55US;
				INFOPLIST_FILE = Lu_MVP/Info.plist;
				LD_RUNPATH_SEARCH_PATHS = (
					"$(inherited)",
					"@executable_path/Frameworks",
				);
				PRODUCT_BUNDLE_IDENTIFIER = "lululu.com.Lu-MVP";
				PRODUCT_NAME = "$(TARGET_NAME)";
				TARGETED_DEVICE_FAMILY = "1,2";
			};
			name = Debug;
		};
		18CACD572178296C003C8131 /* Release */ = {
			isa = XCBuildConfiguration;
			baseConfigurationReference = A2D864A012635653925AAE65 /* Pods-Lu_MVP.release.xcconfig */;
			buildSettings = {
				ASSETCATALOG_COMPILER_APPICON_NAME = AppIcon;
				CODE_SIGN_STYLE = Automatic;
				DEVELOPMENT_TEAM = S86CUP55US;
				INFOPLIST_FILE = Lu_MVP/Info.plist;
				LD_RUNPATH_SEARCH_PATHS = (
					"$(inherited)",
					"@executable_path/Frameworks",
				);
				PRODUCT_BUNDLE_IDENTIFIER = "lululu.com.Lu-MVP";
				PRODUCT_NAME = "$(TARGET_NAME)";
				TARGETED_DEVICE_FAMILY = "1,2";
			};
			name = Release;
		};
		18CACD592178296C003C8131 /* Debug */ = {
			isa = XCBuildConfiguration;
			buildSettings = {
				BUNDLE_LOADER = "$(TEST_HOST)";
				CODE_SIGN_STYLE = Automatic;
				DEVELOPMENT_TEAM = 694LG5K33D;
				INFOPLIST_FILE = Lu_MVPTests/Info.plist;
				LD_RUNPATH_SEARCH_PATHS = (
					"$(inherited)",
					"@executable_path/Frameworks",
					"@loader_path/Frameworks",
				);
				PRODUCT_BUNDLE_IDENTIFIER = "lululu.com.Lu-MVPTests";
				PRODUCT_NAME = "$(TARGET_NAME)";
				TARGETED_DEVICE_FAMILY = "1,2";
				TEST_HOST = "$(BUILT_PRODUCTS_DIR)/Lu_MVP.app/Lu_MVP";
			};
			name = Debug;
		};
		18CACD5A2178296C003C8131 /* Release */ = {
			isa = XCBuildConfiguration;
			buildSettings = {
				BUNDLE_LOADER = "$(TEST_HOST)";
				CODE_SIGN_STYLE = Automatic;
				DEVELOPMENT_TEAM = 694LG5K33D;
				INFOPLIST_FILE = Lu_MVPTests/Info.plist;
				LD_RUNPATH_SEARCH_PATHS = (
					"$(inherited)",
					"@executable_path/Frameworks",
					"@loader_path/Frameworks",
				);
				PRODUCT_BUNDLE_IDENTIFIER = "lululu.com.Lu-MVPTests";
				PRODUCT_NAME = "$(TARGET_NAME)";
				TARGETED_DEVICE_FAMILY = "1,2";
				TEST_HOST = "$(BUILT_PRODUCTS_DIR)/Lu_MVP.app/Lu_MVP";
			};
			name = Release;
		};
		18CACD5C2178296C003C8131 /* Debug */ = {
			isa = XCBuildConfiguration;
			buildSettings = {
				CODE_SIGN_STYLE = Automatic;
				DEVELOPMENT_TEAM = 694LG5K33D;
				INFOPLIST_FILE = Lu_MVPUITests/Info.plist;
				LD_RUNPATH_SEARCH_PATHS = (
					"$(inherited)",
					"@executable_path/Frameworks",
					"@loader_path/Frameworks",
				);
				PRODUCT_BUNDLE_IDENTIFIER = "lululu.com.Lu-MVPUITests";
				PRODUCT_NAME = "$(TARGET_NAME)";
				TARGETED_DEVICE_FAMILY = "1,2";
				TEST_TARGET_NAME = Lu_MVP;
			};
			name = Debug;
		};
		18CACD5D2178296C003C8131 /* Release */ = {
			isa = XCBuildConfiguration;
			buildSettings = {
				CODE_SIGN_STYLE = Automatic;
				DEVELOPMENT_TEAM = 694LG5K33D;
				INFOPLIST_FILE = Lu_MVPUITests/Info.plist;
				LD_RUNPATH_SEARCH_PATHS = (
					"$(inherited)",
					"@executable_path/Frameworks",
					"@loader_path/Frameworks",
				);
				PRODUCT_BUNDLE_IDENTIFIER = "lululu.com.Lu-MVPUITests";
				PRODUCT_NAME = "$(TARGET_NAME)";
				TARGETED_DEVICE_FAMILY = "1,2";
				TEST_TARGET_NAME = Lu_MVP;
			};
			name = Release;
		};
/* End XCBuildConfiguration section */

/* Begin XCConfigurationList section */
		18CACD2121782962003C8131 /* Build configuration list for PBXProject "Lu_MVP" */ = {
			isa = XCConfigurationList;
			buildConfigurations = (
				18CACD532178296C003C8131 /* Debug */,
				18CACD542178296C003C8131 /* Release */,
			);
			defaultConfigurationIsVisible = 0;
			defaultConfigurationName = Release;
		};
		18CACD552178296C003C8131 /* Build configuration list for PBXNativeTarget "Lu_MVP" */ = {
			isa = XCConfigurationList;
			buildConfigurations = (
				18CACD562178296C003C8131 /* Debug */,
				18CACD572178296C003C8131 /* Release */,
			);
			defaultConfigurationIsVisible = 0;
			defaultConfigurationName = Release;
		};
		18CACD582178296C003C8131 /* Build configuration list for PBXNativeTarget "Lu_MVPTests" */ = {
			isa = XCConfigurationList;
			buildConfigurations = (
				18CACD592178296C003C8131 /* Debug */,
				18CACD5A2178296C003C8131 /* Release */,
			);
			defaultConfigurationIsVisible = 0;
			defaultConfigurationName = Release;
		};
		18CACD5B2178296C003C8131 /* Build configuration list for PBXNativeTarget "Lu_MVPUITests" */ = {
			isa = XCConfigurationList;
			buildConfigurations = (
				18CACD5C2178296C003C8131 /* Debug */,
				18CACD5D2178296C003C8131 /* Release */,
			);
			defaultConfigurationIsVisible = 0;
			defaultConfigurationName = Release;
		};
/* End XCConfigurationList section */

/* Begin XCVersionGroup section */
		18CACD3221782962003C8131 /* Lu_MVP.xcdatamodeld */ = {
			isa = XCVersionGroup;
			children = (
				18CACD3321782962003C8131 /* Lu_MVP.xcdatamodel */,
			);
			currentVersion = 18CACD3321782962003C8131 /* Lu_MVP.xcdatamodel */;
			path = Lu_MVP.xcdatamodeld;
			sourceTree = "<group>";
			versionGroupType = wrapper.xcdatamodel;
		};
/* End XCVersionGroup section */
	};
	rootObject = 18CACD1E21782962003C8131 /* Project object */;
}
