PODS:
  - AFNetworking (3.2.1):
    - AFNetworking/NSURLSession (= 3.2.1)
    - AFNetworking/Reachability (= 3.2.1)
    - AFNetworking/Security (= 3.2.1)
    - AFNetworking/Serialization (= 3.2.1)
    - AFNetworking/UIKit (= 3.2.1)
  - AFNetworking/NSURLSession (3.2.1):
    - AFNetworking/Reachability
    - AFNetworking/Security
    - AFNetworking/Serialization
  - AFNetworking/Reachability (3.2.1)
  - AFNetworking/Security (3.2.1)
  - AFNetworking/Serialization (3.2.1)
  - AFNetworking/UIKit (3.2.1):
    - AFNetworking/NSURLSession
  - MJExtension (3.0.15.1)
  - pop (1.0.10)
  - PPNetworkHelper (0.8.1):
    - AFNetworking (~> 3.2.0)
    - YYCache (~> 1.0.4)
  - TABAnimated (1.2.3)
  - YYCache (1.0.4)

DEPENDENCIES:
  - MJExtension
  - pop
  - PPNetworkHelper
  - TABAnimated

SPEC REPOS:
  https://github.com/cocoapods/specs.git:
    - AFNetworking
    - MJExtension
    - pop
    - PPNetworkHelper
    - TABAnimated
    - YYCache

SPEC CHECKSUMS:
  AFNetworking: b6f891fdfaed196b46c7a83cf209e09697b94057
  MJExtension: 19bc33ce2eee2d319760f5622562cf581a6ff756
  pop: 82ca6b068ce9278fd350fd9dd09482a0ce9492e6
  PPNetworkHelper: e893191a73665e9c496c2887fd5ceece9e930bb8
  TABAnimated: a14e565798c41c8041faea9ebd6fe278d4dd7d3e
  YYCache: 8105b6638f5e849296c71f331ff83891a4942952

PODFILE CHECKSUM: a98b97786cb00c33eafe74adff6bfa6062725a1c

COCOAPODS: 1.6.0.beta.1
